<?xml version="1.0" encoding="utf-8"?>
<Project ToolsVersion="4.0" xmlns="http://schemas.microsoft.com/developer/msbuild/2003">
  <ItemGroup>
    <Filter Include="Source Files">
      <UniqueIdentifier>{4FC737F1-C7A5-4376-A066-2A32D752A2FF}</UniqueIdentifier>
      <Extensions>cpp;c;cc;cxx;def;odl;idl;hpj;bat;asm;asmx</Extensions>
    </Filter>
    <Filter Include="Source Files\Math">
      <UniqueIdentifier>{4a57f9ee-216d-43b4-9da8-b61e0bd1aa86}</UniqueIdentifier>
    </Filter>
    <Filter Include="Source Files\Object">
      <UniqueIdentifier>{7a0c845f-9293-42ca-a79e-e2cc34108806}</UniqueIdentifier>
    </Filter>
    <Filter Include="Source Files\Parse">
      <UniqueIdentifier>{4b6943eb-f1aa-432e-b1a4-0ebcf3e52a52}</UniqueIdentifier>
    </Filter>
    <Filter Include="Source Files\Render">
      <UniqueIdentifier>{8aaad2ba-6306-4f53-b2be-4c0a9602a303}</UniqueIdentifier>
    </Filter>
    <Filter Include="Resource Files">
      <UniqueIdentifier>{67DA6AB6-F800-4c08-8B7A-83BB121AAD01}</UniqueIdentifier>
      <Extensions>rc;ico;cur;bmp;dlg;rc2;rct;bin;rgs;gif;jpg;jpeg;jpe;resx;tiff;tif;png;wav</Extensions>
    </Filter>
    <Filter Include="Source Files\Object\Albedo">
      <UniqueIdentifier>{815e759d-b5b3-4772-9e90-77fb9f168224}</UniqueIdentifier>
    </Filter>
    <Filter Include="Source Files\Object\Brdf">
      <UniqueIdentifier>{28011f10-5c1a-4cfc-ba60-1b30b73c1461}</UniqueIdentifier>
    </Filter>
    <Filter Include="Source Files\Lighter">
      <UniqueIdentifier>{eee06c54-4c76-4c68-b988-0e34a43fa518}</UniqueIdentifier>
    </Filter>
    <Filter Include="Source Files\Object\Shape">
      <UniqueIdentifier>{730d451d-de0c-47dc-a08f-a24f4c95d5c4}</UniqueIdentifier>
    </Filter>
  </ItemGroup>
  <ItemGroup>
    <ClCompile Include="App.cpp">
      <Filter>Source Files</Filter>
    </ClCompile>
    <ClCompile Include="Main.cpp">
      <Filter>Source Files</Filter>
    </ClCompile>
    <ClCompile Include="RenderControlDlg.cpp">
      <Filter>Source Files</Filter>
    </ClCompile>
    <ClCompile Include="Math\Coordinate.cpp">
      <Filter>Source Files\Math</Filter>
    </ClCompile>
    <ClCompile Include="Math\Matrix.cpp">
      <Filter>Source Files\Math</Filter>
    </ClCompile>
    <ClCompile Include="Math\Normal.cpp">
      <Filter>Source Files\Math</Filter>
    </ClCompile>
    <ClCompile Include="Math\Point.cpp">
      <Filter>Source Files\Math</Filter>
    </ClCompile>
    <ClCompile Include="Math\PolySolve.cpp">
      <Filter>Source Files\Math</Filter>
    </ClCompile>
    <ClCompile Include="Math\Transformation.cpp">
      <Filter>Source Files\Math</Filter>
    </ClCompile>
    <ClCompile Include="Math\Vector.cpp">
      <Filter>Source Files\Math</Filter>
    </ClCompile>
    <ClCompile Include="Object\Camera.cpp">
      <Filter>Source Files\Object</Filter>
    </ClCompile>
    <ClCompile Include="Object\Color.cpp">
      <Filter>Source Files\Object</Filter>
    </ClCompile>
    <ClCompile Include="Object\Scene.cpp">
      <Filter>Source Files\Object</Filter>
    </ClCompile>
    <ClCompile Include="lex.Scene.c">
      <Filter>Source Files\Parse</Filter>
    </ClCompile>
    <ClCompile Include="Parse\Parser.cpp">
      <Filter>Source Files\Parse</Filter>
    </ClCompile>
    <ClCompile Include="Scene.tab.c">
      <Filter>Source Files\Parse</Filter>
    </ClCompile>
    <ClCompile Include="Render\Engine.cpp">
      <Filter>Source Files\Render</Filter>
    </ClCompile>
    <ClCompile Include="Object\Albedo\Checker.cpp">
      <Filter>Source Files\Object\Albedo</Filter>
    </ClCompile>
    <ClCompile Include="Object\Albedo\Solid.cpp">
      <Filter>Source Files\Object\Albedo</Filter>
    </ClCompile>
    <ClCompile Include="Object\Brdf\Base.cpp">
      <Filter>Source Files\Object\Brdf</Filter>
    </ClCompile>
    <ClCompile Include="Object\Brdf\Composite.cpp">
      <Filter>Source Files\Object\Brdf</Filter>
    </ClCompile>
    <ClCompile Include="Object\Brdf\Lambert.cpp">
      <Filter>Source Files\Object\Brdf</Filter>
    </ClCompile>
    <ClCompile Include="Object\Brdf\Phong.cpp">
      <Filter>Source Files\Object\Brdf</Filter>
    </ClCompile>
    <ClCompile Include="Object\Surface.cpp">
      <Filter>Source Files\Object</Filter>
    </ClCompile>
    <ClCompile Include="Object\Radiance.cpp">
      <Filter>Source Files\Object</Filter>
    </ClCompile>
    <ClCompile Include="LightProbeDlg.cpp">
      <Filter>Source Files</Filter>
    </ClCompile>
    <ClCompile Include="Render\Framebuffer.cpp">
      <Filter>Source Files\Render</Filter>
    </ClCompile>
    <ClCompile Include="Math\Ray.cpp">
      <Filter>Source Files\Math</Filter>
    </ClCompile>
    <ClCompile Include="Object\Intersection.cpp">
      <Filter>Source Files\Object</Filter>
    </ClCompile>
    <ClCompile Include="Render\Tracer.cpp">
      <Filter>Source Files\Render</Filter>
    </ClCompile>
    <ClCompile Include="Lighter\Base.cpp">
      <Filter>Source Files\Lighter</Filter>
    </ClCompile>
    <ClCompile Include="Lighter\IrradianceCache.cpp">
      <Filter>Source Files\Lighter</Filter>
    </ClCompile>
    <ClCompile Include="Lighter\RadianceGradient.cpp">
      <Filter>Source Files\Lighter</Filter>
    </ClCompile>
    <ClCompile Include="Lighter\Radiant.cpp">
      <Filter>Source Files\Lighter</Filter>
    </ClCompile>
    <ClCompile Include="Lighter\Specular.cpp">
      <Filter>Source Files\Lighter</Filter>
    </ClCompile>
    <ClCompile Include="Object\Light.cpp">
      <Filter>Source Files\Object</Filter>
    </ClCompile>
    <ClCompile Include="Lighter\DiffuseIndirect.cpp">
      <Filter>Source Files\Lighter</Filter>
    </ClCompile>
    <ClCompile Include="Lighter\Master.cpp">
      <Filter>Source Files\Lighter</Filter>
    </ClCompile>
    <ClCompile Include="Object\Shape\BezierPatch.cpp">
      <Filter>Source Files\Object\Shape</Filter>
    </ClCompile>
    <ClCompile Include="Object\Shape\Grid.cpp">
      <Filter>Source Files\Object\Shape</Filter>
    </ClCompile>
    <ClCompile Include="Object\Shape\Model.cpp">
      <Filter>Source Files\Object\Shape</Filter>
    </ClCompile>
    <ClCompile Include="Object\Shape\Quad.cpp">
      <Filter>Source Files\Object\Shape</Filter>
    </ClCompile>
    <ClCompile Include="Object\Shape\Sphere.cpp">
      <Filter>Source Files\Object\Shape</Filter>
    </ClCompile>
    <ClCompile Include="Object\Primitive.cpp">
      <Filter>Source Files\Object</Filter>
    </ClCompile>
    <ClCompile Include="Object\BoundingVolume.cpp">
      <Filter>Source Files\Object</Filter>
    </ClCompile>
    <ClCompile Include="Object\Shape\Transformed.cpp">
      <Filter>Source Files\Object\Shape</Filter>
    </ClCompile>
    <ClCompile Include="Object\Shape\Group.cpp">
      <Filter>Source Files\Object\Shape</Filter>
    </ClCompile>
    <ClCompile Include="Math\OrthonormalBasis.cpp">
      <Filter>Source Files\Math</Filter>
    </ClCompile>
    <ClCompile Include="Lighter\Sampler.cpp">
      <Filter>Source Files\Lighter</Filter>
    </ClCompile>
    <ClCompile Include="Object\Brdf\OrenNayar.cpp">
      <Filter>Source Files\Object\Brdf</Filter>
    </ClCompile>
    <ClCompile Include="Object\Brdf\TorranceSparrow.cpp">
      <Filter>Source Files\Object\Brdf</Filter>
    </ClCompile>
    <ClCompile Include="Lighter\Transmit.cpp">
      <Filter>Source Files\Lighter</Filter>
    </ClCompile>
    <ClCompile Include="Lighter\Direct.cpp">
      <Filter>Source Files\Lighter</Filter>
    </ClCompile>
  </ItemGroup>
  <ItemGroup>
    <FlexGenerator Include="Parse\Scene.l">
      <Filter>Source Files\Parse</Filter>
    </FlexGenerator>
  </ItemGroup>
  <ItemGroup>
    <BisonParser Include="Parse\Scene.y">
      <Filter>Source Files\Parse</Filter>
    </BisonParser>
  </ItemGroup>
  <ItemGroup>
    <ClInclude Include="Math\Coordinate.hpp">
      <Filter>Source Files\Math</Filter>
    </ClInclude>
    <ClInclude Include="Math\Matrix.hpp">
      <Filter>Source Files\Math</Filter>
    </ClInclude>
    <ClInclude Include="Math\Normal.hpp">
      <Filter>Source Files\Math</Filter>
    </ClInclude>
    <ClInclude Include="Math\Point.hpp">
      <Filter>Source Files\Math</Filter>
    </ClInclude>
    <ClInclude Include="Math\PolySolve.hpp">
      <Filter>Source Files\Math</Filter>
    </ClInclude>
    <ClInclude Include="Math\Transformation.hpp">
      <Filter>Source Files\Math</Filter>
    </ClInclude>
    <ClInclude Include="Math\Vector.hpp">
      <Filter>Source Files\Math</Filter>
    </ClInclude>
    <ClInclude Include="Object\Albedo\Base.hpp">
      <Filter>Source Files\Object\Albedo</Filter>
    </ClInclude>
    <ClInclude Include="Object\Albedo\Checker.hpp">
      <Filter>Source Files\Object\Albedo</Filter>
    </ClInclude>
    <ClInclude Include="Object\Albedo\Solid.hpp">
      <Filter>Source Files\Object\Albedo</Filter>
    </ClInclude>
    <ClInclude Include="Object\Brdf\Base.hpp">
      <Filter>Source Files\Object\Brdf</Filter>
    </ClInclude>
    <ClInclude Include="Object\Brdf\Composite.hpp">
      <Filter>Source Files\Object\Brdf</Filter>
    </ClInclude>
    <ClInclude Include="Object\Brdf\Lambert.hpp">
      <Filter>Source Files\Object\Brdf</Filter>
    </ClInclude>
    <ClInclude Include="Object\Brdf\Phong.hpp">
      <Filter>Source Files\Object\Brdf</Filter>
    </ClInclude>
    <ClInclude Include="Object\Camera.hpp">
      <Filter>Source Files\Object</Filter>
    </ClInclude>
    <ClInclude Include="Object\Color.hpp">
      <Filter>Source Files\Object</Filter>
    </ClInclude>
    <ClInclude Include="Object\Scene.hpp">
      <Filter>Source Files\Object</Filter>
    </ClInclude>
    <ClInclude Include="Object\Surface.hpp">
      <Filter>Source Files\Object</Filter>
    </ClInclude>
    <ClInclude Include="Parse\AST.h">
      <Filter>Source Files\Parse</Filter>
    </ClInclude>
    <ClInclude Include="Parse\Parser.hpp">
      <Filter>Source Files\Parse</Filter>
    </ClInclude>
    <ClInclude Include="Render\Engine.hpp">
      <Filter>Source Files\Render</Filter>
    </ClInclude>
    <ClInclude Include="App.hpp">
      <Filter>Source Files</Filter>
    </ClInclude>
    <ClInclude Include="RenderControlDlg.hpp">
      <Filter>Source Files</Filter>
    </ClInclude>
    <ClInclude Include="Resource.h">
      <Filter>Source Files</Filter>
    </ClInclude>
    <ClInclude Include="Object\Radiance.hpp">
      <Filter>Source Files\Object</Filter>
    </ClInclude>
    <ClInclude Include="LightProbeDlg.hpp">
      <Filter>Source Files</Filter>
    </ClInclude>
    <ClInclude Include="Render\Framebuffer.hpp">
      <Filter>Source Files\Render</Filter>
    </ClInclude>
    <ClInclude Include="Math\Ray.hpp">
      <Filter>Source Files\Math</Filter>
    </ClInclude>
    <ClInclude Include="Object\Intersection.hpp">
      <Filter>Source Files\Object</Filter>
    </ClInclude>
    <ClInclude Include="Render\Tracer.hpp">
      <Filter>Source Files\Render</Filter>
    </ClInclude>
    <ClInclude Include="Lighter\Base.hpp">
      <Filter>Source Files\Lighter</Filter>
    </ClInclude>
    <ClInclude Include="Lighter\IrradianceCache.hpp">
      <Filter>Source Files\Lighter</Filter>
    </ClInclude>
    <ClInclude Include="Lighter\RadianceGradient.hpp">
      <Filter>Source Files\Lighter</Filter>
    </ClInclude>
    <ClInclude Include="Lighter\Radiant.hpp">
      <Filter>Source Files\Lighter</Filter>
    </ClInclude>
    <ClInclude Include="Lighter\Specular.hpp">
      <Filter>Source Files\Lighter</Filter>
    </ClInclude>
    <ClInclude Include="Object\Light.hpp">
      <Filter>Source Files\Object</Filter>
    </ClInclude>
    <ClInclude Include="Lighter\DiffuseIndirect.hpp">
      <Filter>Source Files\Lighter</Filter>
    </ClInclude>
    <ClInclude Include="Lighter\Master.hpp">
      <Filter>Source Files\Lighter</Filter>
    </ClInclude>
    <ClInclude Include="Object\Shape\Base.hpp">
      <Filter>Source Files\Object\Shape</Filter>
    </ClInclude>
    <ClInclude Include="Object\Shape\BezierPatch.hpp">
      <Filter>Source Files\Object\Shape</Filter>
    </ClInclude>
    <ClInclude Include="Object\Shape\Grid.hpp">
      <Filter>Source Files\Object\Shape</Filter>
    </ClInclude>
    <ClInclude Include="Object\Shape\Model.hpp">
      <Filter>Source Files\Object\Shape</Filter>
    </ClInclude>
    <ClInclude Include="Object\Shape\Quad.hpp">
      <Filter>Source Files\Object\Shape</Filter>
    </ClInclude>
    <ClInclude Include="Object\Shape\Sphere.hpp">
      <Filter>Source Files\Object\Shape</Filter>
    </ClInclude>
    <ClInclude Include="Object\Primitive.hpp">
      <Filter>Source Files\Object</Filter>
    </ClInclude>
    <ClInclude Include="Object\BoundingVolume.hpp">
      <Filter>Source Files\Object</Filter>
    </ClInclude>
    <ClInclude Include="Object\Shape\Transformed.hpp">
      <Filter>Source Files\Object\Shape</Filter>
    </ClInclude>
    <ClInclude Include="Object\Shape\Group.hpp">
      <Filter>Source Files\Object\Shape</Filter>
    </ClInclude>
    <ClInclude Include="Math\OrthonormalBasis.hpp">
      <Filter>Source Files\Math</Filter>
    </ClInclude>
    <ClInclude Include="Lighter\Sampler.hpp">
      <Filter>Source Files\Lighter</Filter>
    </ClInclude>
    <ClInclude Include="Object\Brdf\OrenNayar.hpp">
      <Filter>Source Files\Object\Brdf</Filter>
    </ClInclude>
    <ClInclude Include="Object\Brdf\TorranceSparrow.hpp">
      <Filter>Source Files\Object\Brdf</Filter>
    </ClInclude>
    <ClInclude Include="Lighter\Transmit.hpp">
      <Filter>Source Files\Lighter</Filter>
    </ClInclude>
    <ClInclude Include="Lighter\Direct.hpp">
      <Filter>Source Files\Lighter</Filter>
    </ClInclude>
  </ItemGroup>
  <ItemGroup>
    <ResourceCompile Include="resources.rc">
      <Filter>Resource Files</Filter>
    </ResourceCompile>
  </ItemGroup>
  <ItemGroup>
    <Text Include="scene.txt">
      <Filter>Resource Files</Filter>
    </Text>
  </ItemGroup>
</Project>